// !$*UTF8*$!
{
	archiveVersion = 1;
	classes = {
	};
	objectVersion = 45;
	objects = {

/* Begin PBXBuildFile section */
		1DDD58160DA1D0A300B32029 /* MainMenu.xib in Resources */ = {isa = PBXBuildFile; fileRef = 1DDD58140DA1D0A300B32029 /* MainMenu.xib */; };
		256AC3DA0F4B6AC300CF3369 /* TarantulaAppDelegate.m in Sources */ = {isa = PBXBuildFile; fileRef = 256AC3D90F4B6AC300CF3369 /* TarantulaAppDelegate.m */; };
		823A02051246A9AB00489768 /* icon.icns in Resources */ = {isa = PBXBuildFile; fileRef = 823A02041246A9AB00489768 /* icon.icns */; };
		82562FCD1246A7EB00215F09 /* WebKit.framework in Frameworks */ = {isa = PBXBuildFile; fileRef = 82562FCC1246A7EB00215F09 /* WebKit.framework */; };
		8256307B1246A84100215F09 /* BrowserController.m in Sources */ = {isa = PBXBuildFile; fileRef = 8256307A1246A84100215F09 /* BrowserController.m */; };
		8256307E1246A88300215F09 /* TTJavaScriptBridge.m in Sources */ = {isa = PBXBuildFile; fileRef = 8256307D1246A88300215F09 /* TTJavaScriptBridge.m */; };
		825630811246A89800215F09 /* WebScriptObject+TTAdditions.m in Sources */ = {isa = PBXBuildFile; fileRef = 825630801246A89800215F09 /* WebScriptObject+TTAdditions.m */; };
		82B0DB31124D335F00A00521 /* TTJSMenuItem.m in Sources */ = {isa = PBXBuildFile; fileRef = 82B0DB30124D335F00A00521 /* TTJSMenuItem.m */; };
		8D11072B0486CEB800E47090 /* InfoPlist.strings in Resources */ = {isa = PBXBuildFile; fileRef = 089C165CFE840E0CC02AAC07 /* InfoPlist.strings */; };
		8D11072D0486CEB800E47090 /* main.m in Sources */ = {isa = PBXBuildFile; fileRef = 29B97316FDCFA39411CA2CEA /* main.m */; settings = {ATTRIBUTES = (); }; };
		8D11072F0486CEB800E47090 /* Cocoa.framework in Frameworks */ = {isa = PBXBuildFile; fileRef = 1058C7A1FEA54F0111CA2CBB /* Cocoa.framework */; };
/* End PBXBuildFile section */

/* Begin PBXFileReference section */
		089C165DFE840E0CC02AAC07 /* English */ = {isa = PBXFileReference; fileEncoding = 4; lastKnownFileType = text.plist.strings; name = English; path = English.lproj/InfoPlist.strings; sourceTree = "<group>"; };
		1058C7A1FEA54F0111CA2CBB /* Cocoa.framework */ = {isa = PBXFileReference; lastKnownFileType = wrapper.framework; name = Cocoa.framework; path = /System/Library/Frameworks/Cocoa.framework; sourceTree = "<absolute>"; };
		13E42FB307B3F0F600E4EEF1 /* CoreData.framework */ = {isa = PBXFileReference; lastKnownFileType = wrapper.framework; name = CoreData.framework; path = /System/Library/Frameworks/CoreData.framework; sourceTree = "<absolute>"; };
		1DDD58150DA1D0A300B32029 /* English */ = {isa = PBXFileReference; lastKnownFileType = file.xib; name = English; path = English.lproj/MainMenu.xib; sourceTree = "<group>"; };
		256AC3D80F4B6AC300CF3369 /* TarantulaAppDelegate.h */ = {isa = PBXFileReference; fileEncoding = 4; lastKnownFileType = sourcecode.c.h; path = TarantulaAppDelegate.h; sourceTree = "<group>"; };
		256AC3D90F4B6AC300CF3369 /* TarantulaAppDelegate.m */ = {isa = PBXFileReference; fileEncoding = 4; lastKnownFileType = sourcecode.c.objc; path = TarantulaAppDelegate.m; sourceTree = "<group>"; };
		256AC3F00F4B6AF500CF3369 /* Tarantula_Prefix.pch */ = {isa = PBXFileReference; fileEncoding = 4; lastKnownFileType = sourcecode.c.h; path = Tarantula_Prefix.pch; sourceTree = "<group>"; };
		29B97316FDCFA39411CA2CEA /* main.m */ = {isa = PBXFileReference; fileEncoding = 4; lastKnownFileType = sourcecode.c.objc; path = main.m; sourceTree = "<group>"; };
		29B97324FDCFA39411CA2CEA /* AppKit.framework */ = {isa = PBXFileReference; lastKnownFileType = wrapper.framework; name = AppKit.framework; path = /System/Library/Frameworks/AppKit.framework; sourceTree = "<absolute>"; };
		29B97325FDCFA39411CA2CEA /* Foundation.framework */ = {isa = PBXFileReference; lastKnownFileType = wrapper.framework; name = Foundation.framework; path = /System/Library/Frameworks/Foundation.framework; sourceTree = "<absolute>"; };
		823A02041246A9AB00489768 /* icon.icns */ = {isa = PBXFileReference; lastKnownFileType = image.icns; path = icon.icns; sourceTree = "<group>"; };
		82562FCC1246A7EB00215F09 /* WebKit.framework */ = {isa = PBXFileReference; lastKnownFileType = wrapper.framework; name = WebKit.framework; path = System/Library/Frameworks/WebKit.framework; sourceTree = SDKROOT; };
		825630791246A84100215F09 /* BrowserController.h */ = {isa = PBXFileReference; fileEncoding = 4; lastKnownFileType = sourcecode.c.h; path = BrowserController.h; sourceTree = "<group>"; };
		8256307A1246A84100215F09 /* BrowserController.m */ = {isa = PBXFileReference; fileEncoding = 4; lastKnownFileType = sourcecode.c.objc; path = BrowserController.m; sourceTree = "<group>"; };
		8256307C1246A88300215F09 /* TTJavaScriptBridge.h */ = {isa = PBXFileReference; fileEncoding = 4; lastKnownFileType = sourcecode.c.h; path = TTJavaScriptBridge.h; sourceTree = "<group>"; };
		8256307D1246A88300215F09 /* TTJavaScriptBridge.m */ = {isa = PBXFileReference; fileEncoding = 4; lastKnownFileType = sourcecode.c.objc; path = TTJavaScriptBridge.m; sourceTree = "<group>"; };
		8256307F1246A89800215F09 /* WebScriptObject+TTAdditions.h */ = {isa = PBXFileReference; fileEncoding = 4; lastKnownFileType = sourcecode.c.h; path = "WebScriptObject+TTAdditions.h"; sourceTree = "<group>"; };
		825630801246A89800215F09 /* WebScriptObject+TTAdditions.m */ = {isa = PBXFileReference; fileEncoding = 4; lastKnownFileType = sourcecode.c.objc; path = "WebScriptObject+TTAdditions.m"; sourceTree = "<group>"; };
		82B0DB2F124D335F00A00521 /* TTJSMenuItem.h */ = {isa = PBXFileReference; fileEncoding = 4; lastKnownFileType = sourcecode.c.h; path = TTJSMenuItem.h; sourceTree = "<group>"; };
		82B0DB30124D335F00A00521 /* TTJSMenuItem.m */ = {isa = PBXFileReference; fileEncoding = 4; lastKnownFileType = sourcecode.c.objc; path = TTJSMenuItem.m; sourceTree = "<group>"; };
		82B0DC6F124D429400A00521 /* BespinEmbedded.css */ = {isa = PBXFileReference; fileEncoding = 4; lastKnownFileType = text.css; path = BespinEmbedded.css; sourceTree = "<group>"; };
		82B0DC70124D429400A00521 /* BespinEmbedded.js */ = {isa = PBXFileReference; fileEncoding = 4; lastKnownFileType = sourcecode.javascript; path = BespinEmbedded.js; sourceTree = "<group>"; };
		82B0DC71124D429400A00521 /* BespinMain.js */ = {isa = PBXFileReference; fileEncoding = 4; lastKnownFileType = sourcecode.javascript; path = BespinMain.js; sourceTree = "<group>"; };
		82B0DC72124D429400A00521 /* BespinWorker.js */ = {isa = PBXFileReference; fileEncoding = 4; lastKnownFileType = sourcecode.javascript; path = BespinWorker.js; sourceTree = "<group>"; };
		82B0DC73124D429400A00521 /* index.html */ = {isa = PBXFileReference; fileEncoding = 4; lastKnownFileType = text.html; path = index.html; sourceTree = "<group>"; };
		82B0DC7E124D429400A00521 /* article.less */ = {isa = PBXFileReference; fileEncoding = 4; lastKnownFileType = text; path = article.less; sourceTree = "<group>"; };
		82B0DC7F124D429400A00521 /* cli.less */ = {isa = PBXFileReference; fileEncoding = 4; lastKnownFileType = text; path = cli.less; sourceTree = "<group>"; };
		82B0DC80124D429400A00521 /* global.less */ = {isa = PBXFileReference; fileEncoding = 4; lastKnownFileType = text; path = global.less; sourceTree = "<group>"; };
		82B0DC82124D429400A00521 /* closer.png */ = {isa = PBXFileReference; lastKnownFileType = image.png; path = closer.png; sourceTree = "<group>"; };
		82B0DC83124D429400A00521 /* dot_clear.gif */ = {isa = PBXFileReference; lastKnownFileType = image.gif; path = dot_clear.gif; sourceTree = "<group>"; };
		82B0DC84124D429400A00521 /* minus.png */ = {isa = PBXFileReference; lastKnownFileType = image.png; path = minus.png; sourceTree = "<group>"; };
		82B0DC85124D429400A00521 /* pinaction.png */ = {isa = PBXFileReference; lastKnownFileType = image.png; path = pinaction.png; sourceTree = "<group>"; };
		82B0DC86124D429400A00521 /* pinin.png */ = {isa = PBXFileReference; lastKnownFileType = image.png; path = pinin.png; sourceTree = "<group>"; };
		82B0DC87124D429400A00521 /* pinout.png */ = {isa = PBXFileReference; lastKnownFileType = image.png; path = pinout.png; sourceTree = "<group>"; };
		82B0DC88124D429400A00521 /* pins.png */ = {isa = PBXFileReference; lastKnownFileType = image.png; path = pins.png; sourceTree = "<group>"; };
		82B0DC89124D429400A00521 /* plus.png */ = {isa = PBXFileReference; lastKnownFileType = image.png; path = plus.png; sourceTree = "<group>"; };
		82B0DC8A124D429400A00521 /* throbber.gif */ = {isa = PBXFileReference; lastKnownFileType = image.gif; path = throbber.gif; sourceTree = "<group>"; };
		82B0DC8B124D429400A00521 /* menu.less */ = {isa = PBXFileReference; fileEncoding = 4; lastKnownFileType = text; path = menu.less; sourceTree = "<group>"; };
		82B0DC8C124D429400A00521 /* requestOutput.less */ = {isa = PBXFileReference; fileEncoding = 4; lastKnownFileType = text; path = requestOutput.less; sourceTree = "<group>"; };
		82B0DC90124D429400A00521 /* bespin-s.png */ = {isa = PBXFileReference; lastKnownFileType = image.png; path = "bespin-s.png"; sourceTree = "<group>"; };
		82B0DC91124D429400A00521 /* check-selected.png */ = {isa = PBXFileReference; lastKnownFileType = image.png; path = "check-selected.png"; sourceTree = "<group>"; };
		82B0DC92124D429400A00521 /* check-unselected.png */ = {isa = PBXFileReference; lastKnownFileType = image.png; path = "check-unselected.png"; sourceTree = "<group>"; };
		82B0DC93124D429400A00521 /* lines.png */ = {isa = PBXFileReference; lastKnownFileType = image.png; path = lines.png; sourceTree = "<group>"; };
		82B0DC94124D429400A00521 /* radio-selected.png */ = {isa = PBXFileReference; lastKnownFileType = image.png; path = "radio-selected.png"; sourceTree = "<group>"; };
		82B0DC95124D429400A00521 /* radio-unselected.png */ = {isa = PBXFileReference; lastKnownFileType = image.png; path = "radio-unselected.png"; sourceTree = "<group>"; };
		82B0DC96124D429400A00521 /* scroll-down.png */ = {isa = PBXFileReference; lastKnownFileType = image.png; path = "scroll-down.png"; sourceTree = "<group>"; };
		82B0DC97124D429400A00521 /* scroll-left.png */ = {isa = PBXFileReference; lastKnownFileType = image.png; path = "scroll-left.png"; sourceTree = "<group>"; };
		82B0DC98124D429400A00521 /* scroll-right.png */ = {isa = PBXFileReference; lastKnownFileType = image.png; path = "scroll-right.png"; sourceTree = "<group>"; };
		82B0DC99124D429400A00521 /* scroll-up.png */ = {isa = PBXFileReference; lastKnownFileType = image.png; path = "scroll-up.png"; sourceTree = "<group>"; };
		82B0DC9A124D429400A00521 /* theme.less */ = {isa = PBXFileReference; fileEncoding = 4; lastKnownFileType = text; path = theme.less; sourceTree = "<group>"; };
		82B0DC9C124D429400A00521 /* theme.less */ = {isa = PBXFileReference; fileEncoding = 4; lastKnownFileType = text; path = theme.less; sourceTree = "<group>"; };
		8D1107310486CEB800E47090 /* Tarantula-Info.plist */ = {isa = PBXFileReference; fileEncoding = 4; lastKnownFileType = text.plist.xml; path = "Tarantula-Info.plist"; sourceTree = "<group>"; };
		8D1107320486CEB800E47090 /* Tarantula.app */ = {isa = PBXFileReference; explicitFileType = wrapper.application; includeInIndex = 0; path = Tarantula.app; sourceTree = BUILT_PRODUCTS_DIR; };
/* End PBXFileReference section */

/* Begin PBXFrameworksBuildPhase section */
		8D11072E0486CEB800E47090 /* Frameworks */ = {
			isa = PBXFrameworksBuildPhase;
			buildActionMask = 2147483647;
			files = (
				8D11072F0486CEB800E47090 /* Cocoa.framework in Frameworks */,
				82562FCD1246A7EB00215F09 /* WebKit.framework in Frameworks */,
			);
			runOnlyForDeploymentPostprocessing = 0;
		};
/* End PBXFrameworksBuildPhase section */

/* Begin PBXGroup section */
		080E96DDFE201D6D7F000001 /* Classes */ = {
			isa = PBXGroup;
			children = (
				256AC3D80F4B6AC300CF3369 /* TarantulaAppDelegate.h */,
				256AC3D90F4B6AC300CF3369 /* TarantulaAppDelegate.m */,
				825630791246A84100215F09 /* BrowserController.h */,
				8256307A1246A84100215F09 /* BrowserController.m */,
				8256307C1246A88300215F09 /* TTJavaScriptBridge.h */,
				8256307D1246A88300215F09 /* TTJavaScriptBridge.m */,
				8256307F1246A89800215F09 /* WebScriptObject+TTAdditions.h */,
				825630801246A89800215F09 /* WebScriptObject+TTAdditions.m */,
				82B0DB2F124D335F00A00521 /* TTJSMenuItem.h */,
				82B0DB30124D335F00A00521 /* TTJSMenuItem.m */,
			);
			name = Classes;
			sourceTree = "<group>";
		};
		1058C7A0FEA54F0111CA2CBB /* Linked Frameworks */ = {
			isa = PBXGroup;
			children = (
				1058C7A1FEA54F0111CA2CBB /* Cocoa.framework */,
			);
			name = "Linked Frameworks";
			sourceTree = "<group>";
		};
		1058C7A2FEA54F0111CA2CBB /* Other Frameworks */ = {
			isa = PBXGroup;
			children = (
				82562FCC1246A7EB00215F09 /* WebKit.framework */,
				29B97324FDCFA39411CA2CEA /* AppKit.framework */,
				13E42FB307B3F0F600E4EEF1 /* CoreData.framework */,
				29B97325FDCFA39411CA2CEA /* Foundation.framework */,
			);
			name = "Other Frameworks";
			sourceTree = "<group>";
		};
		19C28FACFE9D520D11CA2CBB /* Products */ = {
			isa = PBXGroup;
			children = (
				8D1107320486CEB800E47090 /* Tarantula.app */,
			);
			name = Products;
			sourceTree = "<group>";
		};
		29B97314FDCFA39411CA2CEA /* Tarantula */ = {
			isa = PBXGroup;
			children = (
				080E96DDFE201D6D7F000001 /* Classes */,
				29B97315FDCFA39411CA2CEA /* Other Sources */,
				29B97317FDCFA39411CA2CEA /* Resources */,
				29B97323FDCFA39411CA2CEA /* Frameworks */,
				19C28FACFE9D520D11CA2CBB /* Products */,
			);
			name = Tarantula;
			sourceTree = "<group>";
		};
		29B97315FDCFA39411CA2CEA /* Other Sources */ = {
			isa = PBXGroup;
			children = (
				256AC3F00F4B6AF500CF3369 /* Tarantula_Prefix.pch */,
				29B97316FDCFA39411CA2CEA /* main.m */,
			);
			name = "Other Sources";
			sourceTree = "<group>";
		};
		29B97317FDCFA39411CA2CEA /* Resources */ = {
			isa = PBXGroup;
			children = (
				82B0DC6E124D429400A00521 /* Application */,
				823A02041246A9AB00489768 /* icon.icns */,
				8D1107310486CEB800E47090 /* Tarantula-Info.plist */,
				089C165CFE840E0CC02AAC07 /* InfoPlist.strings */,
				1DDD58140DA1D0A300B32029 /* MainMenu.xib */,
			);
			name = Resources;
			sourceTree = "<group>";
		};
		29B97323FDCFA39411CA2CEA /* Frameworks */ = {
			isa = PBXGroup;
			children = (
				1058C7A0FEA54F0111CA2CBB /* Linked Frameworks */,
				1058C7A2FEA54F0111CA2CBB /* Other Frameworks */,
			);
			name = Frameworks;
			sourceTree = "<group>";
		};
		82B0DC6E124D429400A00521 /* Application */ = {
			isa = PBXGroup;
			children = (
				82B0DC6F124D429400A00521 /* BespinEmbedded.css */,
				82B0DC70124D429400A00521 /* BespinEmbedded.js */,
				82B0DC71124D429400A00521 /* BespinMain.js */,
				82B0DC72124D429400A00521 /* BespinWorker.js */,
				82B0DC73124D429400A00521 /* index.html */,
				82B0DC74124D429400A00521 /* plugins */,
				82B0DC7C124D429400A00521 /* resources */,
			);
			path = Application;
			sourceTree = "<group>";
		};
		82B0DC74124D429400A00521 /* plugins */ = {
			isa = PBXGroup;
			children = (
				82B0DC75124D429400A00521 /* command_line */,
			);
			path = plugins;
			sourceTree = "<group>";
		};
		82B0DC75124D429400A00521 /* command_line */ = {
			isa = PBXGroup;
			children = (
				82B0DC76124D429400A00521 /* commands */,
				82B0DC77124D429400A00521 /* resources */,
				82B0DC79124D429400A00521 /* templates */,
				82B0DC7A124D429400A00521 /* tests */,
				82B0DC7B124D429400A00521 /* views */,
			);
			path = command_line;
			sourceTree = "<group>";
		};
		82B0DC76124D429400A00521 /* commands */ = {
			isa = PBXGroup;
			children = (
			);
			path = commands;
			sourceTree = "<group>";
		};
		82B0DC77124D429400A00521 /* resources */ = {
			isa = PBXGroup;
			children = (
				82B0DC78124D429400A00521 /* images */,
			);
			path = resources;
			sourceTree = "<group>";
		};
		82B0DC78124D429400A00521 /* images */ = {
			isa = PBXGroup;
			children = (
			);
			path = images;
			sourceTree = "<group>";
		};
		82B0DC79124D429400A00521 /* templates */ = {
			isa = PBXGroup;
			children = (
			);
			path = templates;
			sourceTree = "<group>";
		};
		82B0DC7A124D429400A00521 /* tests */ = {
			isa = PBXGroup;
			children = (
			);
			path = tests;
			sourceTree = "<group>";
		};
		82B0DC7B124D429400A00521 /* views */ = {
			isa = PBXGroup;
			children = (
			);
			path = views;
			sourceTree = "<group>";
		};
		82B0DC7C124D429400A00521 /* resources */ = {
			isa = PBXGroup;
			children = (
				82B0DC7D124D429400A00521 /* command_line */,
				82B0DC8D124D429400A00521 /* completion */,
				82B0DC8E124D429400A00521 /* screen_theme */,
				82B0DC9B124D429400A00521 /* whitetheme */,
			);
			path = resources;
			sourceTree = "<group>";
		};
		82B0DC7D124D429400A00521 /* command_line */ = {
			isa = PBXGroup;
			children = (
				82B0DC7E124D429400A00521 /* article.less */,
				82B0DC7F124D429400A00521 /* cli.less */,
				82B0DC80124D429400A00521 /* global.less */,
				82B0DC81124D429400A00521 /* images */,
				82B0DC8B124D429400A00521 /* menu.less */,
				82B0DC8C124D429400A00521 /* requestOutput.less */,
			);
			path = command_line;
			sourceTree = "<group>";
		};
		82B0DC81124D429400A00521 /* images */ = {
			isa = PBXGroup;
			children = (
				82B0DC82124D429400A00521 /* closer.png */,
				82B0DC83124D429400A00521 /* dot_clear.gif */,
				82B0DC84124D429400A00521 /* minus.png */,
				82B0DC85124D429400A00521 /* pinaction.png */,
				82B0DC86124D429400A00521 /* pinin.png */,
				82B0DC87124D429400A00521 /* pinout.png */,
				82B0DC88124D429400A00521 /* pins.png */,
				82B0DC89124D429400A00521 /* plus.png */,
				82B0DC8A124D429400A00521 /* throbber.gif */,
			);
			path = images;
			sourceTree = "<group>";
		};
		82B0DC8D124D429400A00521 /* completion */ = {
			isa = PBXGroup;
			children = (
			);
			path = completion;
			sourceTree = "<group>";
		};
		82B0DC8E124D429400A00521 /* screen_theme */ = {
			isa = PBXGroup;
			children = (
				82B0DC8F124D429400A00521 /* images */,
				82B0DC9A124D429400A00521 /* theme.less */,
			);
			path = screen_theme;
			sourceTree = "<group>";
		};
		82B0DC8F124D429400A00521 /* images */ = {
			isa = PBXGroup;
			children = (
				82B0DC90124D429400A00521 /* bespin-s.png */,
				82B0DC91124D429400A00521 /* check-selected.png */,
				82B0DC92124D429400A00521 /* check-unselected.png */,
				82B0DC93124D429400A00521 /* lines.png */,
				82B0DC94124D429400A00521 /* radio-selected.png */,
				82B0DC95124D429400A00521 /* radio-unselected.png */,
				82B0DC96124D429400A00521 /* scroll-down.png */,
				82B0DC97124D429400A00521 /* scroll-left.png */,
				82B0DC98124D429400A00521 /* scroll-right.png */,
				82B0DC99124D429400A00521 /* scroll-up.png */,
			);
			path = images;
			sourceTree = "<group>";
		};
		82B0DC9B124D429400A00521 /* whitetheme */ = {
			isa = PBXGroup;
			children = (
				82B0DC9C124D429400A00521 /* theme.less */,
			);
			path = whitetheme;
			sourceTree = "<group>";
		};
/* End PBXGroup section */

/* Begin PBXNativeTarget section */
		8D1107260486CEB800E47090 /* Tarantula */ = {
			isa = PBXNativeTarget;
			buildConfigurationList = C01FCF4A08A954540054247B /* Build configuration list for PBXNativeTarget "Tarantula" */;
			buildPhases = (
				8D1107290486CEB800E47090 /* Resources */,
				8D11072C0486CEB800E47090 /* Sources */,
				8D11072E0486CEB800E47090 /* Frameworks */,
				82B0DE65124D47AC00A00521 /* Copy Bespin */,
			);
			buildRules = (
			);
			dependencies = (
			);
			name = Tarantula;
			productInstallPath = "$(HOME)/Applications";
			productName = Tarantula;
			productReference = 8D1107320486CEB800E47090 /* Tarantula.app */;
			productType = "com.apple.product-type.application";
		};
/* End PBXNativeTarget section */

/* Begin PBXProject section */
		29B97313FDCFA39411CA2CEA /* Project object */ = {
			isa = PBXProject;
			buildConfigurationList = C01FCF4E08A954540054247B /* Build configuration list for PBXProject "Tarantula" */;
			compatibilityVersion = "Xcode 3.1";
			developmentRegion = English;
			hasScannedForEncodings = 1;
			knownRegions = (
				English,
				Japanese,
				French,
				German,
			);
			mainGroup = 29B97314FDCFA39411CA2CEA /* Tarantula */;
			projectDirPath = "";
			projectRoot = "";
			targets = (
				8D1107260486CEB800E47090 /* Tarantula */,
			);
		};
/* End PBXProject section */

/* Begin PBXResourcesBuildPhase section */
		8D1107290486CEB800E47090 /* Resources */ = {
			isa = PBXResourcesBuildPhase;
			buildActionMask = 2147483647;
			files = (
				8D11072B0486CEB800E47090 /* InfoPlist.strings in Resources */,
				1DDD58160DA1D0A300B32029 /* MainMenu.xib in Resources */,
				823A02051246A9AB00489768 /* icon.icns in Resources */,
			);
			runOnlyForDeploymentPostprocessing = 0;
		};
/* End PBXResourcesBuildPhase section */

/* Begin PBXShellScriptBuildPhase section */
		82B0DE65124D47AC00A00521 /* Copy Bespin */ = {
			isa = PBXShellScriptBuildPhase;
			buildActionMask = 2147483647;
			files = (
			);
			inputPaths = (
			);
			name = "Copy Bespin";
			outputPaths = (
			);
			runOnlyForDeploymentPostprocessing = 0;
			shellPath = /bin/bash;
			shellScript = "cp -rp $SRCROOT/Application $TARGET_BUILD_DIR/$UNLOCALIZED_RESOURCES_FOLDER_PATH/";
		};
/* End PBXShellScriptBuildPhase section */

/* Begin PBXSourcesBuildPhase section */
		8D11072C0486CEB800E47090 /* Sources */ = {
			isa = PBXSourcesBuildPhase;
			buildActionMask = 2147483647;
			files = (
				8D11072D0486CEB800E47090 /* main.m in Sources */,
				256AC3DA0F4B6AC300CF3369 /* TarantulaAppDelegate.m in Sources */,
				8256307B1246A84100215F09 /* BrowserController.m in Sources */,
				8256307E1246A88300215F09 /* TTJavaScriptBridge.m in Sources */,
				825630811246A89800215F09 /* WebScriptObject+TTAdditions.m in Sources */,
				82B0DB31124D335F00A00521 /* TTJSMenuItem.m in Sources */,
			);
			runOnlyForDeploymentPostprocessing = 0;
		};
/* End PBXSourcesBuildPhase section */

/* Begin PBXVariantGroup section */
		089C165CFE840E0CC02AAC07 /* InfoPlist.strings */ = {
			isa = PBXVariantGroup;
			children = (
				089C165DFE840E0CC02AAC07 /* English */,
			);
			name = InfoPlist.strings;
			sourceTree = "<group>";
		};
		1DDD58140DA1D0A300B32029 /* MainMenu.xib */ = {
			isa = PBXVariantGroup;
			children = (
				1DDD58150DA1D0A300B32029 /* English */,
			);
			name = MainMenu.xib;
			sourceTree = "<group>";
		};
/* End PBXVariantGroup section */

/* Begin XCBuildConfiguration section */
		C01FCF4B08A954540054247B /* Debug */ = {
			isa = XCBuildConfiguration;
			buildSettings = {
				ALWAYS_SEARCH_USER_PATHS = NO;
				COPY_PHASE_STRIP = NO;
				GCC_DYNAMIC_NO_PIC = NO;
				GCC_ENABLE_FIX_AND_CONTINUE = YES;
				GCC_MODEL_TUNING = G5;
				GCC_OPTIMIZATION_LEVEL = 0;
				GCC_PRECOMPILE_PREFIX_HEADER = YES;
				GCC_PREFIX_HEADER = Tarantula_Prefix.pch;
				INFOPLIST_FILE = "Tarantula-Info.plist";
				INSTALL_PATH = "$(HOME)/Applications";
				PRODUCT_NAME = Tarantula;
			};
			name = Debug;
		};
		C01FCF4C08A954540054247B /* Release */ = {
			isa = XCBuildConfiguration;
			buildSettings = {
				ALWAYS_SEARCH_USER_PATHS = NO;
				DEBUG_INFORMATION_FORMAT = "dwarf-with-dsym";
				GCC_MODEL_TUNING = G5;
				GCC_PRECOMPILE_PREFIX_HEADER = YES;
				GCC_PREFIX_HEADER = Tarantula_Prefix.pch;
				INFOPLIST_FILE = "Tarantula-Info.plist";
				INSTALL_PATH = "$(HOME)/Applications";
				PRODUCT_NAME = Tarantula;
			};
			name = Release;
		};
		C01FCF4F08A954540054247B /* Debug */ = {
			isa = XCBuildConfiguration;
			buildSettings = {
				ARCHS = "$(ARCHS_STANDARD_32_64_BIT)";
				GCC_C_LANGUAGE_STANDARD = gnu99;
				GCC_OPTIMIZATION_LEVEL = 0;
				GCC_WARN_ABOUT_RETURN_TYPE = YES;
				GCC_WARN_UNUSED_VARIABLE = YES;
				ONLY_ACTIVE_ARCH = YES;
				PREBINDING = NO;
				SDKROOT = macosx10.6;
			};
			name = Debug;
		};
		C01FCF5008A954540054247B /* Release */ = {
			isa = XCBuildConfiguration;
			buildSettings = {
				ARCHS = "$(ARCHS_STANDARD_32_64_BIT)";
				GCC_C_LANGUAGE_STANDARD = gnu99;
				GCC_WARN_ABOUT_RETURN_TYPE = YES;
				GCC_WARN_UNUSED_VARIABLE = YES;
				PREBINDING = NO;
				SDKROOT = macosx10.6;
			};
			name = Release;
		};
/* End XCBuildConfiguration section */

/* Begin XCConfigurationList section */
		C01FCF4A08A954540054247B /* Build configuration list for PBXNativeTarget "Tarantula" */ = {
			isa = XCConfigurationList;
			buildConfigurations = (
				C01FCF4B08A954540054247B /* Debug */,
				C01FCF4C08A954540054247B /* Release */,
			);
			defaultConfigurationIsVisible = 0;
			defaultConfigurationName = Release;
		};
		C01FCF4E08A954540054247B /* Build configuration list for PBXProject "Tarantula" */ = {
			isa = XCConfigurationList;
			buildConfigurations = (
				C01FCF4F08A954540054247B /* Debug */,
				C01FCF5008A954540054247B /* Release */,
			);
			defaultConfigurationIsVisible = 0;
			defaultConfigurationName = Release;
		};
/* End XCConfigurationList section */
	};
	rootObject = 29B97313FDCFA39411CA2CEA /* Project object */;
}
